
Microsoft Visual Studio Solution File, Format Version 12.00
# Visual Studio Version 17
VisualStudioVersion = 17.4.33213.308
MinimumVisualStudioVersion = 10.0.40219.1
Project("{FAE04EC0-301F-11D3-BF4B-00C04F79EFBC}") = "Github Project", "Github Project.csproj", "{55F4FA59-E418-43ED-AC50-6FD56907E276}"
EndProject
Global
	GlobalSection(SolutionConfigurationPlatforms) = preSolution
		Debug|Any CPU = Debug|Any CPU
		Release|Any CPU = Release|Any CPU
	EndGlobalSection
	GlobalSection(ProjectConfigurationPlatforms) = postSolution
		{55F4FA59-E418-43ED-AC50-6FD56907E276}.Debug|Any CPU.ActiveCfg = Debug|Any CPU
		{55F4FA59-E418-43ED-AC50-6FD56907E276}.Debug|Any CPU.Build.0 = Debug|Any CPU
		{55F4FA59-E418-43ED-AC50-6FD56907E276}.Release|Any CPU.ActiveCfg = Release|Any CPU
		{55F4FA59-E418-43ED-AC50-6FD56907E276}.Release|Any CPU.Build.0 = Release|Any CPU
	EndGlobalSection
	GlobalSection(SolutionProperties) = preSolution
		HideSolutionNode = FALSE
	EndGlobalSection
	GlobalSection(ExtensibilityGlobals) = postSolution
		SolutionGuid = {0FAAF581-DD27-47C1-9BCC-87AFE069B043}
	EndGlobalSection
EndGlobal
